
Microsoft Visual Studio Solution File, Format Version 12.00
# Visual Studio Version 17
VisualStudioVersion = 17.13.35931.197 d17.13
MinimumVisualStudioVersion = 10.0.40219.1
Project("{FAE04EC0-301F-11D3-BF4B-00C04F79EFBC}") = "ChappalUtility", "ChappalUtility.csproj", "{8415B79D-2427-4AE7-A1E1-9E8A02293186}"
EndProject
Global
	GlobalSection(SolutionConfigurationPlatforms) = preSolution
		Debug|Any CPU = Debug|Any CPU
		Release|Any CPU = Release|Any CPU
	EndGlobalSection
	GlobalSection(ProjectConfigurationPlatforms) = postSolution
		{8415B79D-2427-4AE7-A1E1-9E8A02293186}.Debug|Any CPU.ActiveCfg = Debug|Any CPU
		{8415B79D-2427-4AE7-A1E1-9E8A02293186}.Debug|Any CPU.Build.0 = Debug|Any CPU
		{8415B79D-2427-4AE7-A1E1-9E8A02293186}.Release|Any CPU.ActiveCfg = Release|Any CPU
		{8415B79D-2427-4AE7-A1E1-9E8A02293186}.Release|Any CPU.Build.0 = Release|Any CPU
	EndGlobalSection
	GlobalSection(SolutionProperties) = preSolution
		HideSolutionNode = FALSE
	EndGlobalSection
	GlobalSection(ExtensibilityGlobals) = postSolution
		SolutionGuid = {F3F57C8E-A525-4DED-B9D5-5280ED739244}
	EndGlobalSection
EndGlobal
