
Microsoft Visual Studio Solution File, Format Version 12.00
# Visual Studio 14
VisualStudioVersion = 14.0.25420.1
MinimumVisualStudioVersion = 10.0.40219.1
Project("{E24C65DC-7377-472B-9ABA-BC803B73C61A}") = "Application", "Application\", "{499F593B-6FBC-41C0-AC87-FF6500A5E90A}"
	ProjectSection(WebsiteProperties) = preProject
		TargetFrameworkMoniker = ".NETFramework,Version%3Dv4.5.2"
		ProjectReferences = "{cd93e20a-343b-423b-b40b-7e649296195c}|ChappalBLL.dll;{C0D71C2C-5E67-4E9A-8296-CD5D06CA3B8D}|ChappalDAL.dll;"
		Debug.AspNetCompiler.VirtualPath = "/localhost_64001"
		Debug.AspNetCompiler.PhysicalPath = "Application\"
		Debug.AspNetCompiler.TargetPath = "PrecompiledWeb\localhost_64001\"
		Debug.AspNetCompiler.Updateable = "true"
		Debug.AspNetCompiler.ForceOverwrite = "true"
		Debug.AspNetCompiler.FixedNames = "false"
		Debug.AspNetCompiler.Debug = "True"
		Release.AspNetCompiler.VirtualPath = "/localhost_64001"
		Release.AspNetCompiler.PhysicalPath = "Application\"
		Release.AspNetCompiler.TargetPath = "PrecompiledWeb\localhost_64001\"
		Release.AspNetCompiler.Updateable = "true"
		Release.AspNetCompiler.ForceOverwrite = "true"
		Release.AspNetCompiler.FixedNames = "false"
		Release.AspNetCompiler.Debug = "False"
		VWDPort = "64001"
		SlnRelativePath = "Application\"
		DefaultWebSiteLanguage = "Visual C#"
	EndProjectSection
EndProject
Project("{FAE04EC0-301F-11D3-BF4B-00C04F79EFBC}") = "ChappalDAL", "ChappalDAL\ChappalDAL.csproj", "{C0D71C2C-5E67-4E9A-8296-CD5D06CA3B8D}"
EndProject
Project("{FAE04EC0-301F-11D3-BF4B-00C04F79EFBC}") = "ChappalBLL", "ChappalBLL\ChappalBLL.csproj", "{CD93E20A-343B-423B-B40B-7E649296195C}"
EndProject
Global
	GlobalSection(SolutionConfigurationPlatforms) = preSolution
		Debug|Any CPU = Debug|Any CPU
		Release|Any CPU = Release|Any CPU
	EndGlobalSection
	GlobalSection(ProjectConfigurationPlatforms) = postSolution
		{499F593B-6FBC-41C0-AC87-FF6500A5E90A}.Debug|Any CPU.ActiveCfg = Debug|Any CPU
		{499F593B-6FBC-41C0-AC87-FF6500A5E90A}.Debug|Any CPU.Build.0 = Debug|Any CPU
		{499F593B-6FBC-41C0-AC87-FF6500A5E90A}.Release|Any CPU.ActiveCfg = Debug|Any CPU
		{499F593B-6FBC-41C0-AC87-FF6500A5E90A}.Release|Any CPU.Build.0 = Debug|Any CPU
		{C0D71C2C-5E67-4E9A-8296-CD5D06CA3B8D}.Debug|Any CPU.ActiveCfg = Debug|Any CPU
		{C0D71C2C-5E67-4E9A-8296-CD5D06CA3B8D}.Debug|Any CPU.Build.0 = Debug|Any CPU
		{C0D71C2C-5E67-4E9A-8296-CD5D06CA3B8D}.Release|Any CPU.ActiveCfg = Release|Any CPU
		{C0D71C2C-5E67-4E9A-8296-CD5D06CA3B8D}.Release|Any CPU.Build.0 = Release|Any CPU
		{CD93E20A-343B-423B-B40B-7E649296195C}.Debug|Any CPU.ActiveCfg = Debug|Any CPU
		{CD93E20A-343B-423B-B40B-7E649296195C}.Debug|Any CPU.Build.0 = Debug|Any CPU
		{CD93E20A-343B-423B-B40B-7E649296195C}.Release|Any CPU.ActiveCfg = Release|Any CPU
		{CD93E20A-343B-423B-B40B-7E649296195C}.Release|Any CPU.Build.0 = Release|Any CPU
	EndGlobalSection
	GlobalSection(SolutionProperties) = preSolution
		HideSolutionNode = FALSE
	EndGlobalSection
EndGlobal
